# This file is automatically @generated by Cargo.
# It is not intended for manual editing.
version = 3

[[package]]
name = "rust-seeder"
version = "0.1.1"
source = "registry+https://github.com/rust-lang/crates.io-index"
checksum = "b162ed6a9373a431d838390d111ead57f2649b553c8ea191e9a93ffc25cc1e42"

[[package]]
name = "test_hello"
version = "0.1.0"
dependencies = [
 "rust-seeder",
]
